{
  "name": "generator-cicero-template",
  "version": "0.2.12",
  "lockfileVersion": 1,
  "requires": true,
  "dependencies": {
    "mocha-lcov-reporter": {
      "version": "1.3.0",
      "resolved": "https://registry.npmjs.org/mocha-lcov-reporter/-/mocha-lcov-reporter-1.3.0.tgz",
      "integrity": "sha1-Rpve9PivyaEWBW8HnfYYLQr7A4Q=",
      "dev": true
    }
  }
}
