{
	"name": "@accordproject/cicero-engine",
	"version": "0.24.0",
	"lockfileVersion": 3,
	"requires": true,
	"packages": {
		"": {
			"name": "@accordproject/cicero-engine",
			"version": "0.24.0",
			"license": "Apache-2.0",
			"devDependencies": {
				"license-check-and-add": "2.3.6"
			},
			"engines": {
				"node": ">=14",
				"npm": ">=6"
			}
		},
		"node_modules/graceful-fs": {
			"version": "4.2.11",
			"resolved": "https://registry.npmjs.org/graceful-fs/-/graceful-fs-4.2.11.tgz",
			"integrity": "sha512-RbJ5/jmFcNNCcDV5o9eTnBLJ/HszWV0P73bc+Ff4nS/rJj+YaS6IGyiOL0VoBYX+l1Wrl3k63h/KrH+nhJ0XvQ==",
			"dev": true
		},
		"node_modules/license-check-and-add": {
			"version": "2.3.6",
			"resolved": "https://registry.npmjs.org/license-check-and-add/-/license-check-and-add-2.3.6.tgz",
			"integrity": "sha512-fTSOoJL12YhsTOS+xqutJ7uwIcN4kPcmhCk39FWTjc1Zllyc62JGT1i+NqTfyTh38wzLQDzfLDjqsI4jSzMnfg==",
			"dev": true,
			"dependencies": {
				"pkg-conf": "^1.1.2"
			},
			"bin": {
				"license-check-and-add": "bin/server.js"
			}
		},
		"node_modules/license-check-and-add/node_modules/error-ex": {
			"version": "1.3.2",
			"resolved": "https://registry.npmjs.org/error-ex/-/error-ex-1.3.2.tgz",
			"integrity": "sha512-7dFHNmqeFSEt2ZBsCriorKnn3Z2pj+fd9kmI6QoWw4//DL+icEBfc0U7qJCisqrTsKTjw4fNFy2pW9OqStD84g==",
			"dev": true,
			"dependencies": {
				"is-arrayish": "^0.2.1"
			}
		},
		"node_modules/license-check-and-add/node_modules/find-up": {
			"version": "1.1.2",
			"resolved": "https://registry.npmjs.org/find-up/-/find-up-1.1.2.tgz",
			"integrity": "sha512-jvElSjyuo4EMQGoTwo1uJU5pQMwTW5lS1x05zzfJuTIyLR3zwO27LYrxNg+dlvKpGOuGy/MzBdXh80g0ve5+HA==",
			"dev": true,
			"dependencies": {
				"path-exists": "^2.0.0",
				"pinkie-promise": "^2.0.0"
			},
			"engines": {
				"node": ">=0.10.0"
			}
		},
		"node_modules/license-check-and-add/node_modules/is-arrayish": {
			"version": "0.2.1",
			"resolved": "https://registry.npmjs.org/is-arrayish/-/is-arrayish-0.2.1.tgz",
			"integrity": "sha512-zz06S8t0ozoDXMG+ube26zeCTNXcKIPJZJi8hBrF4idCLms4CG9QtK7qBl1boi5ODzFpjswb5JPmHCbMpjaYzg==",
			"dev": true
		},
		"node_modules/license-check-and-add/node_modules/is-utf8": {
			"version": "0.2.1",
			"resolved": "https://registry.npmjs.org/is-utf8/-/is-utf8-0.2.1.tgz",
			"integrity": "sha512-rMYPYvCzsXywIsldgLaSoPlw5PfoB/ssr7hY4pLfcodrA5M/eArza1a9VmTiNIBNMjOGr1Ow9mTyU2o69U6U9Q==",
			"dev": true
		},
		"node_modules/license-check-and-add/node_modules/load-json-file": {
			"version": "1.1.0",
			"resolved": "https://registry.npmjs.org/load-json-file/-/load-json-file-1.1.0.tgz",
			"integrity": "sha512-cy7ZdNRXdablkXYNI049pthVeXFurRyb9+hA/dZzerZ0pGTx42z+y+ssxBaVV2l70t1muq5IdKhn4UtcoGUY9A==",
			"dev": true,
			"dependencies": {
				"graceful-fs": "^4.1.2",
				"parse-json": "^2.2.0",
				"pify": "^2.0.0",
				"pinkie-promise": "^2.0.0",
				"strip-bom": "^2.0.0"
			},
			"engines": {
				"node": ">=0.10.0"
			}
		},
		"node_modules/license-check-and-add/node_modules/object-assign": {
			"version": "4.1.1",
			"resolved": "https://registry.npmjs.org/object-assign/-/object-assign-4.1.1.tgz",
			"integrity": "sha512-rJgTQnkUnH1sFw8yT6VSU3zD3sWmu6sZhIseY8VX+GRu3P6F7Fu+JNDoXfklElbLJSnc3FUQHVe4cU5hj+BcUg==",
			"dev": true,
			"engines": {
				"node": ">=0.10.0"
			}
		},
		"node_modules/license-check-and-add/node_modules/parse-json": {
			"version": "2.2.0",
			"resolved": "https://registry.npmjs.org/parse-json/-/parse-json-2.2.0.tgz",
			"integrity": "sha512-QR/GGaKCkhwk1ePQNYDRKYZ3mwU9ypsKhB0XyFnLQdomyEqk3e8wpW3V5Jp88zbxK4n5ST1nqo+g9juTpownhQ==",
			"dev": true,
			"dependencies": {
				"error-ex": "^1.2.0"
			},
			"engines": {
				"node": ">=0.10.0"
			}
		},
		"node_modules/license-check-and-add/node_modules/path-exists": {
			"version": "2.1.0",
			"resolved": "https://registry.npmjs.org/path-exists/-/path-exists-2.1.0.tgz",
			"integrity": "sha512-yTltuKuhtNeFJKa1PiRzfLAU5182q1y4Eb4XCJ3PBqyzEDkAZRzBrKKBct682ls9reBVHf9udYLN5Nd+K1B9BQ==",
			"dev": true,
			"dependencies": {
				"pinkie-promise": "^2.0.0"
			},
			"engines": {
				"node": ">=0.10.0"
			}
		},
		"node_modules/license-check-and-add/node_modules/pify": {
			"version": "2.3.0",
			"resolved": "https://registry.npmjs.org/pify/-/pify-2.3.0.tgz",
			"integrity": "sha512-udgsAY+fTnvv7kI7aaxbqwWNb0AHiB0qBO89PZKPkoTmGOgdbrHDKD+0B2X4uTfJ/FT1R09r9gTsjUjNJotuog==",
			"dev": true,
			"engines": {
				"node": ">=0.10.0"
			}
		},
		"node_modules/license-check-and-add/node_modules/pinkie": {
			"version": "2.0.4",
			"resolved": "https://registry.npmjs.org/pinkie/-/pinkie-2.0.4.tgz",
			"integrity": "sha512-MnUuEycAemtSaeFSjXKW/aroV7akBbY+Sv+RkyqFjgAe73F+MR0TBWKBRDkmfWq/HiFmdavfZ1G7h4SPZXaCSg==",
			"dev": true,
			"engines": {
				"node": ">=0.10.0"
			}
		},
		"node_modules/license-check-and-add/node_modules/pinkie-promise": {
			"version": "2.0.1",
			"resolved": "https://registry.npmjs.org/pinkie-promise/-/pinkie-promise-2.0.1.tgz",
			"integrity": "sha512-0Gni6D4UcLTbv9c57DfxDGdr41XfgUjqWZu492f0cIGr16zDU06BWP/RAEvOuo7CQ0CNjHaLlM59YJJFm3NWlw==",
			"dev": true,
			"dependencies": {
				"pinkie": "^2.0.0"
			},
			"engines": {
				"node": ">=0.10.0"
			}
		},
		"node_modules/license-check-and-add/node_modules/pkg-conf": {
			"version": "1.1.3",
			"resolved": "https://registry.npmjs.org/pkg-conf/-/pkg-conf-1.1.3.tgz",
			"integrity": "sha512-9hHgE5+Xai/ChrnahNP8Ke0VNF/s41IZIB/d24eMHEaRamdPg+wwlRm2lTb5wMvE8eTIKrYZsrxfuOwt3dpsIQ==",
			"dev": true,
			"dependencies": {
				"find-up": "^1.0.0",
				"load-json-file": "^1.1.0",
				"object-assign": "^4.0.1",
				"symbol": "^0.2.1"
			},
			"engines": {
				"node": ">=0.10.0"
			}
		},
		"node_modules/license-check-and-add/node_modules/strip-bom": {
			"version": "2.0.0",
			"resolved": "https://registry.npmjs.org/strip-bom/-/strip-bom-2.0.0.tgz",
			"integrity": "sha512-kwrX1y7czp1E69n2ajbG65mIo9dqvJ+8aBQXOGVxqwvNbsXdFM6Lq37dLAY3mknUwru8CfcCbfOLL/gMo+fi3g==",
			"dev": true,
			"dependencies": {
				"is-utf8": "^0.2.0"
			},
			"engines": {
				"node": ">=0.10.0"
			}
		},
		"node_modules/license-check-and-add/node_modules/symbol": {
			"version": "0.2.3",
			"resolved": "https://registry.npmjs.org/symbol/-/symbol-0.2.3.tgz",
			"integrity": "sha512-IUW+ek7apEaW5bFhS6WpYoNtVpNTlNoqB/PH7YiMWQTxSPeXCzG4PILVakwXivJt3ZXWeO1fIJnUd/L9A/VeGA==",
			"dev": true
		}
	}
}
