{
  "name": "@accordproject/cicero-core",
  "version": "0.22.1",
  "lockfileVersion": 1,
  "requires": true,
  "dependencies": {
    "array-events": {
      "version": "0.2.0",
      "resolved": "https://registry.npmjs.org/array-events/-/array-events-0.2.0.tgz",
      "integrity": "sha1-/0KsU+ZvSF1viDI0wyJSvCKGEw4=",
      "requires": {
        "async-arrays": "*",
        "extended-emitter": "*"
      }
    },
    "async-arrays": {
      "version": "1.0.1",
      "resolved": "https://registry.npmjs.org/async-arrays/-/async-arrays-1.0.1.tgz",
      "integrity": "sha1-NHrytw8qeldnotVnnMQrvxwiD9k=",
      "requires": {
        "sift": "*"
      }
    },
    "bit-mask": {
      "version": "1.0.2",
      "resolved": "https://registry.npmjs.org/bit-mask/-/bit-mask-1.0.2.tgz",
      "integrity": "sha512-UGtq08LSiazxL4zVmBzrhdCWnT4RWx3JhhD/3crhfv8xxjnVHxf/WoVjEstjSUaZeZRP7kZrWNqup1VvUClCaQ==",
      "requires": {
        "array-events": "^0.2.0"
      }
    },
    "call-me-maybe": {
      "version": "1.0.1",
      "resolved": "https://registry.npmjs.org/call-me-maybe/-/call-me-maybe-1.0.1.tgz",
      "integrity": "sha1-JtII6onje1y95gJQoV8DHBak1ms="
    },
    "chai-fs": {
      "version": "2.0.0",
      "resolved": "https://registry.npmjs.org/chai-fs/-/chai-fs-2.0.0.tgz",
      "integrity": "sha1-Na4Dn7uwcQ9RIqrhf6uh6PQRB8Y=",
      "requires": {
        "bit-mask": "^1.0.1",
        "readdir-enhanced": "^1.4.0"
      }
    },
    "es6-promise": {
      "version": "4.2.8",
      "resolved": "https://registry.npmjs.org/es6-promise/-/es6-promise-4.2.8.tgz",
      "integrity": "sha512-HJDGx5daxeIvxdBxvG2cb9g4tEvwIk3i8+nhX0yGrYmZUzbkdg8QbDevheDB8gd0//uPj4c1EQua8Q+MViT0/w=="
    },
    "extended-emitter": {
      "version": "1.0.4",
      "resolved": "https://registry.npmjs.org/extended-emitter/-/extended-emitter-1.0.4.tgz",
      "integrity": "sha512-QBGuIo+pCXnYNeLUObaH/IKrCrzWzm4KhQNvA/mwNTs7/wzFylmA765zxh0WwWqpX1skQGXvzcRMHScc87Om/g==",
      "requires": {
        "sift": "*",
        "wolfy87-eventemitter": "*"
      }
    },
    "glob-to-regexp": {
      "version": "0.3.0",
      "resolved": "https://registry.npmjs.org/glob-to-regexp/-/glob-to-regexp-0.3.0.tgz",
      "integrity": "sha1-jFoUlNIGbFcMw7/kSWF1rMTVAqs="
    },
    "readdir-enhanced": {
      "version": "1.5.2",
      "resolved": "https://registry.npmjs.org/readdir-enhanced/-/readdir-enhanced-1.5.2.tgz",
      "integrity": "sha1-YUYwSGkKxqRVt1ti+nioj43IXlM=",
      "requires": {
        "call-me-maybe": "^1.0.1",
        "es6-promise": "^4.1.0",
        "glob-to-regexp": "^0.3.0"
      }
    },
    "sift": {
      "version": "13.5.4",
      "resolved": "https://registry.npmjs.org/sift/-/sift-13.5.4.tgz",
      "integrity": "sha512-J/d0r/MJlD7vG3j6FZI3/KnN+MxEmPUx2nyKNawysbl2ktisEnAWI5j0AgHM19p4xFA2vDXve4i8TQYYfi9O6Q=="
    },
    "wolfy87-eventemitter": {
      "version": "5.2.9",
      "resolved": "https://registry.npmjs.org/wolfy87-eventemitter/-/wolfy87-eventemitter-5.2.9.tgz",
      "integrity": "sha512-P+6vtWyuDw+MB01X7UeF8TaHBvbCovf4HPEMF/SV7BdDc1SMTiBy13SRD71lQh4ExFTG1d/WNzDGDCyOKSMblw=="
    }
  }
}
