{
  "name": "@accordproject/cicero-core",
  "version": "0.6.0",
  "lockfileVersion": 1,
  "requires": true,
  "dependencies": {
    "drange": {
      "version": "1.0.2",
      "resolved": "https://registry.npmjs.org/drange/-/drange-1.0.2.tgz",
      "integrity": "sha512-bve7maXvfKW+vcsRpP8gzEDzkTg8O6AoCGvi/52pnllzhl/nmex8XLrHOUEQ42Z8GshcyftvG+E4s5vcd/qo0Q=="
    },
    "randexp": {
      "version": "0.5.3",
      "resolved": "https://registry.npmjs.org/randexp/-/randexp-0.5.3.tgz",
      "integrity": "sha512-U+5l2KrcMNOUPYvazA3h5ekF80FHTUG+87SEAmHZmolh1M+i/WyTCxVzmi+tidIa1tM4BSe8g2Y/D3loWDjj+w==",
      "requires": {
        "drange": "^1.0.2",
        "ret": "^0.2.0"
      }
    },
    "ret": {
      "version": "0.2.2",
      "resolved": "https://registry.npmjs.org/ret/-/ret-0.2.2.tgz",
      "integrity": "sha512-M0b3YWQs7R3Z917WRQy1HHA7Ba7D8hvZg6UE5mLykJxQVE2ju0IXbGlaHPPlkY+WN7wFP+wUMXmBFA0aV6vYGQ=="
    }
  }
}
