{
	"requires": true,
	"lockfileVersion": 1,
	"dependencies": {
		"sinon": {
			"version": "2.3.8",
			"resolved": "https://registry.npmjs.org/sinon/-/sinon-2.3.8.tgz",
			"integrity": "sha1-Md4G/tj7o6Zx5XbdltClhjeW8lw=",
			"requires": {
				"diff": "^3.1.0",
				"formatio": "1.2.0",
				"lolex": "^1.6.0",
				"native-promise-only": "^0.8.1",
				"path-to-regexp": "^1.7.0",
				"samsam": "^1.1.3",
				"text-encoding": "0.6.4",
				"type-detect": "^4.0.0"
			},
			"dependencies": {
				"diff": {
					"version": "3.5.0",
					"resolved": "https://registry.npmjs.org/diff/-/diff-3.5.0.tgz",
					"integrity": "sha512-A46qtFgd+g7pDZinpnwiRJtxbC1hpgf0uzP3iG89scHk0AUC7A1TGxf5OiiOUv/JMZR8GOt8hL900hV0bOy5xA=="
				},
				"formatio": {
					"version": "1.2.0",
					"resolved": "https://registry.npmjs.org/formatio/-/formatio-1.2.0.tgz",
					"integrity": "sha1-87IWfZBoxGmKjVH092CjmlTYGOs=",
					"requires": {
						"samsam": "1.x"
					}
				},
				"isarray": {
					"version": "0.0.1",
					"resolved": "https://registry.npmjs.org/isarray/-/isarray-0.0.1.tgz",
					"integrity": "sha1-ihis/Kmo9Bd+Cav8YDiTmwXR7t8="
				},
				"lolex": {
					"version": "1.6.0",
					"resolved": "https://registry.npmjs.org/lolex/-/lolex-1.6.0.tgz",
					"integrity": "sha1-OpoCg0UqR9dDnnJzG54H1zhuSfY="
				},
				"native-promise-only": {
					"version": "0.8.1",
					"resolved": "https://registry.npmjs.org/native-promise-only/-/native-promise-only-0.8.1.tgz",
					"integrity": "sha1-IKMYwwy0X3H+et+/eyHJnBRy7xE="
				},
				"path-to-regexp": {
					"version": "1.7.0",
					"resolved": "https://registry.npmjs.org/path-to-regexp/-/path-to-regexp-1.7.0.tgz",
					"integrity": "sha1-Wf3g9DW62suhA6hOnTvGTpa5k30=",
					"requires": {
						"isarray": "0.0.1"
					}
				},
				"samsam": {
					"version": "1.3.0",
					"resolved": "https://registry.npmjs.org/samsam/-/samsam-1.3.0.tgz",
					"integrity": "sha512-1HwIYD/8UlOtFS3QO3w7ey+SdSDFE4HRNLZoZRYVQefrOY3l17epswImeB1ijgJFQJodIaHcwkp3r/myBjFVbg=="
				},
				"text-encoding": {
					"version": "0.6.4",
					"resolved": "https://registry.npmjs.org/text-encoding/-/text-encoding-0.6.4.tgz",
					"integrity": "sha1-45mpgiV6J22uQou5KEXLcb3CbRk="
				},
				"type-detect": {
					"version": "4.0.8",
					"resolved": "https://registry.npmjs.org/type-detect/-/type-detect-4.0.8.tgz",
					"integrity": "sha512-0fr/mIH1dlO+x7TlcMy+bIDqKPsw/70tVyeHW787goQjhmqaZe10uwLujubK9q9Lg6Fiho1KUKDYz0Z7k7g5/g=="
				}
			}
		}
	}
}
